
Microsoft Visual Studio Solution File, Format Version 12.00
# Visual Studio Version 17
VisualStudioVersion = 17.7.34003.232
MinimumVisualStudioVersion = 10.0.40219.1
Project("{9A19103F-16F7-4668-BE54-9A1E7A4F7556}") = "HotelListing.API", "HotelListing.API\HotelListing.API.csproj", "{41D583DA-7979-4489-9428-41DF6055848C}"
EndProject
Project("{9A19103F-16F7-4668-BE54-9A1E7A4F7556}") = "HotelListing.Api.Data", "HotelListing.Data\HotelListing.Api.Data.csproj", "{EE745145-5E1B-4043-802F-0FADA41D00F8}"
EndProject
Project("{9A19103F-16F7-4668-BE54-9A1E7A4F7556}") = "HotelListing.Api.Core", "HotelListing.Api.Core\HotelListing.Api.Core.csproj", "{7D06C6A3-59E0-4C1D-A575-0B038C4D7432}"
EndProject
Global
	GlobalSection(SolutionConfigurationPlatforms) = preSolution
		Debug|Any CPU = Debug|Any CPU
		Release|Any CPU = Release|Any CPU
	EndGlobalSection
	GlobalSection(ProjectConfigurationPlatforms) = postSolution
		{41D583DA-7979-4489-9428-41DF6055848C}.Debug|Any CPU.ActiveCfg = Debug|Any CPU
		{41D583DA-7979-4489-9428-41DF6055848C}.Debug|Any CPU.Build.0 = Debug|Any CPU
		{41D583DA-7979-4489-9428-41DF6055848C}.Release|Any CPU.ActiveCfg = Release|Any CPU
		{41D583DA-7979-4489-9428-41DF6055848C}.Release|Any CPU.Build.0 = Release|Any CPU
		{EE745145-5E1B-4043-802F-0FADA41D00F8}.Debug|Any CPU.ActiveCfg = Debug|Any CPU
		{EE745145-5E1B-4043-802F-0FADA41D00F8}.Debug|Any CPU.Build.0 = Debug|Any CPU
		{EE745145-5E1B-4043-802F-0FADA41D00F8}.Release|Any CPU.ActiveCfg = Release|Any CPU
		{EE745145-5E1B-4043-802F-0FADA41D00F8}.Release|Any CPU.Build.0 = Release|Any CPU
		{7D06C6A3-59E0-4C1D-A575-0B038C4D7432}.Debug|Any CPU.ActiveCfg = Debug|Any CPU
		{7D06C6A3-59E0-4C1D-A575-0B038C4D7432}.Debug|Any CPU.Build.0 = Debug|Any CPU
		{7D06C6A3-59E0-4C1D-A575-0B038C4D7432}.Release|Any CPU.ActiveCfg = Release|Any CPU
		{7D06C6A3-59E0-4C1D-A575-0B038C4D7432}.Release|Any CPU.Build.0 = Release|Any CPU
	EndGlobalSection
	GlobalSection(SolutionProperties) = preSolution
		HideSolutionNode = FALSE
	EndGlobalSection
	GlobalSection(ExtensibilityGlobals) = postSolution
		SolutionGuid = {2CE7AC1C-B279-4E81-9428-7240F981BF13}
	EndGlobalSection
EndGlobal
